// !$*UTF8*$!
{
	archiveVersion = 1;
	classes = {
	};
	objectVersion = 50;
	objects = {

/* Begin PBXBuildFile section */
		E71A5D8B263EE291009A91E9 /* waltographUI.ttf in Resources */ = {isa = PBXBuildFile; fileRef = E71A5D8A263EE291009A91E9 /* waltographUI.ttf */; };
		E722B0D92621D24100452972 /* AppDelegate.swift in Sources */ = {isa = PBXBuildFile; fileRef = E722B0D82621D24100452972 /* AppDelegate.swift */; };
		E722B0DB2621D24100452972 /* SceneDelegate.swift in Sources */ = {isa = PBXBuildFile; fileRef = E722B0DA2621D24100452972 /* SceneDelegate.swift */; };
		E722B0DD2621D24100452972 /* ViewController.swift in Sources */ = {isa = PBXBuildFile; fileRef = E722B0DC2621D24100452972 /* ViewController.swift */; };
		E722B0E02621D24100452972 /* Main.storyboard in Resources */ = {isa = PBXBuildFile; fileRef = E722B0DE2621D24100452972 /* Main.storyboard */; };
		E722B0E22621D24400452972 /* Assets.xcassets in Resources */ = {isa = PBXBuildFile; fileRef = E722B0E12621D24400452972 /* Assets.xcassets */; };
		E722B0E52621D24400452972 /* LaunchScreen.storyboard in Resources */ = {isa = PBXBuildFile; fileRef = E722B0E32621D24400452972 /* LaunchScreen.storyboard */; };
		E722B0EE2621D27400452972 /* StartViewController.swift in Sources */ = {isa = PBXBuildFile; fileRef = E722B0ED2621D27400452972 /* StartViewController.swift */; };
		E78B863F2637029100FB6B55 /* UILabel + UIUtilities.swift in Sources */ = {isa = PBXBuildFile; fileRef = E78B863E2637029100FB6B55 /* UILabel + UIUtilities.swift */; };
		E7E2D9802636C39B008DB808 /* UIColor + hex.swift in Sources */ = {isa = PBXBuildFile; fileRef = E7E2D97F2636C39B008DB808 /* UIColor + hex.swift */; };
		E7E2D9832636C971008DB808 /* UIViewController + Storyboardinit.swift in Sources */ = {isa = PBXBuildFile; fileRef = E7E2D9822636C971008DB808 /* UIViewController + Storyboardinit.swift */; };
		E7E2D9892636D785008DB808 /* StartViewController.storyboard in Resources */ = {isa = PBXBuildFile; fileRef = E7E2D9882636D785008DB808 /* StartViewController.storyboard */; };
/* End PBXBuildFile section */

/* Begin PBXFileReference section */
		E71A5D8A263EE291009A91E9 /* waltographUI.ttf */ = {isa = PBXFileReference; lastKnownFileType = file; path = waltographUI.ttf; sourceTree = "<group>"; };
		E722B0D52621D24100452972 /* Race.app */ = {isa = PBXFileReference; explicitFileType = wrapper.application; includeInIndex = 0; path = Race.app; sourceTree = BUILT_PRODUCTS_DIR; };
		E722B0D82621D24100452972 /* AppDelegate.swift */ = {isa = PBXFileReference; lastKnownFileType = sourcecode.swift; path = AppDelegate.swift; sourceTree = "<group>"; };
		E722B0DA2621D24100452972 /* SceneDelegate.swift */ = {isa = PBXFileReference; lastKnownFileType = sourcecode.swift; path = SceneDelegate.swift; sourceTree = "<group>"; };
		E722B0DC2621D24100452972 /* ViewController.swift */ = {isa = PBXFileReference; lastKnownFileType = sourcecode.swift; path = ViewController.swift; sourceTree = "<group>"; };
		E722B0DF2621D24100452972 /* Base */ = {isa = PBXFileReference; lastKnownFileType = file.storyboard; name = Base; path = Base.lproj/Main.storyboard; sourceTree = "<group>"; };
		E722B0E12621D24400452972 /* Assets.xcassets */ = {isa = PBXFileReference; lastKnownFileType = folder.assetcatalog; path = Assets.xcassets; sourceTree = "<group>"; };
		E722B0E42621D24400452972 /* Base */ = {isa = PBXFileReference; lastKnownFileType = file.storyboard; name = Base; path = Base.lproj/LaunchScreen.storyboard; sourceTree = "<group>"; };
		E722B0E62621D24400452972 /* Info.plist */ = {isa = PBXFileReference; lastKnownFileType = text.plist.xml; path = Info.plist; sourceTree = "<group>"; };
		E722B0ED2621D27400452972 /* StartViewController.swift */ = {isa = PBXFileReference; lastKnownFileType = sourcecode.swift; path = StartViewController.swift; sourceTree = "<group>"; };
		E78B863E2637029100FB6B55 /* UILabel + UIUtilities.swift */ = {isa = PBXFileReference; lastKnownFileType = sourcecode.swift; path = "UILabel + UIUtilities.swift"; sourceTree = "<group>"; };
		E7E2D97F2636C39B008DB808 /* UIColor + hex.swift */ = {isa = PBXFileReference; lastKnownFileType = sourcecode.swift; path = "UIColor + hex.swift"; sourceTree = "<group>"; };
		E7E2D9822636C971008DB808 /* UIViewController + Storyboardinit.swift */ = {isa = PBXFileReference; lastKnownFileType = sourcecode.swift; path = "UIViewController + Storyboardinit.swift"; sourceTree = "<group>"; };
		E7E2D9882636D785008DB808 /* StartViewController.storyboard */ = {isa = PBXFileReference; lastKnownFileType = file.storyboard; path = StartViewController.storyboard; sourceTree = "<group>"; };
/* End PBXFileReference section */

/* Begin PBXFrameworksBuildPhase section */
		E722B0D22621D24100452972 /* Frameworks */ = {
			isa = PBXFrameworksBuildPhase;
			buildActionMask = 2147483647;
			files = (
			);
			runOnlyForDeploymentPostprocessing = 0;
		};
/* End PBXFrameworksBuildPhase section */

/* Begin PBXGroup section */
		E71A5D802639C8A1009A91E9 /* Extensions */ = {
			isa = PBXGroup;
			children = (
				E78B863E2637029100FB6B55 /* UILabel + UIUtilities.swift */,
				E7E2D97F2636C39B008DB808 /* UIColor + hex.swift */,
				E7E2D9822636C971008DB808 /* UIViewController + Storyboardinit.swift */,
			);
			path = Extensions;
			sourceTree = "<group>";
		};
		E71A5D86263EE181009A91E9 /* Resources */ = {
			isa = PBXGroup;
			children = (
				E722B0E62621D24400452972 /* Info.plist */,
				E71A5D8A263EE291009A91E9 /* waltographUI.ttf */,
				E722B0E12621D24400452972 /* Assets.xcassets */,
			);
			path = Resources;
			sourceTree = "<group>";
		};
		E722B0CC2621D24100452972 = {
			isa = PBXGroup;
			children = (
				E722B0D72621D24100452972 /* Race */,
				E722B0D62621D24100452972 /* Products */,
			);
			sourceTree = "<group>";
		};
		E722B0D62621D24100452972 /* Products */ = {
			isa = PBXGroup;
			children = (
				E722B0D52621D24100452972 /* Race.app */,
			);
			name = Products;
			sourceTree = "<group>";
		};
		E722B0D72621D24100452972 /* Race */ = {
			isa = PBXGroup;
			children = (
				E722B0D82621D24100452972 /* AppDelegate.swift */,
				E722B0DA2621D24100452972 /* SceneDelegate.swift */,
				E71A5D802639C8A1009A91E9 /* Extensions */,
				E722B0DC2621D24100452972 /* ViewController.swift */,
				E722B0ED2621D27400452972 /* StartViewController.swift */,
				E7E2D9882636D785008DB808 /* StartViewController.storyboard */,
				E722B0DE2621D24100452972 /* Main.storyboard */,
				E71A5D86263EE181009A91E9 /* Resources */,
				E722B0E32621D24400452972 /* LaunchScreen.storyboard */,
			);
			path = Race;
			sourceTree = "<group>";
		};
/* End PBXGroup section */

/* Begin PBXNativeTarget section */
		E722B0D42621D24100452972 /* Race */ = {
			isa = PBXNativeTarget;
			buildConfigurationList = E722B0E92621D24400452972 /* Build configuration list for PBXNativeTarget "Race" */;
			buildPhases = (
				E722B0D12621D24100452972 /* Sources */,
				E722B0D22621D24100452972 /* Frameworks */,
				E722B0D32621D24100452972 /* Resources */,
				E722B0F32621DFB600452972 /* Swift Lint */,
			);
			buildRules = (
			);
			dependencies = (
			);
			name = Race;
			productName = Race;
			productReference = E722B0D52621D24100452972 /* Race.app */;
			productType = "com.apple.product-type.application";
		};
/* End PBXNativeTarget section */

/* Begin PBXProject section */
		E722B0CD2621D24100452972 /* Project object */ = {
			isa = PBXProject;
			attributes = {
				LastSwiftUpdateCheck = 1240;
				LastUpgradeCheck = 1240;
				TargetAttributes = {
					E722B0D42621D24100452972 = {
						CreatedOnToolsVersion = 12.4;
					};
				};
			};
			buildConfigurationList = E722B0D02621D24100452972 /* Build configuration list for PBXProject "Race" */;
			compatibilityVersion = "Xcode 9.3";
			developmentRegion = en;
			hasScannedForEncodings = 0;
			knownRegions = (
				en,
				Base,
			);
			mainGroup = E722B0CC2621D24100452972;
			productRefGroup = E722B0D62621D24100452972 /* Products */;
			projectDirPath = "";
			projectRoot = "";
			targets = (
				E722B0D42621D24100452972 /* Race */,
			);
		};
/* End PBXProject section */

/* Begin PBXResourcesBuildPhase section */
		E722B0D32621D24100452972 /* Resources */ = {
			isa = PBXResourcesBuildPhase;
			buildActionMask = 2147483647;
			files = (
				E722B0E52621D24400452972 /* LaunchScreen.storyboard in Resources */,
				E71A5D8B263EE291009A91E9 /* waltographUI.ttf in Resources */,
				E722B0E22621D24400452972 /* Assets.xcassets in Resources */,
				E7E2D9892636D785008DB808 /* StartViewController.storyboard in Resources */,
				E722B0E02621D24100452972 /* Main.storyboard in Resources */,
			);
			runOnlyForDeploymentPostprocessing = 0;
		};
/* End PBXResourcesBuildPhase section */

/* Begin PBXShellScriptBuildPhase section */
		E722B0F32621DFB600452972 /* Swift Lint */ = {
			isa = PBXShellScriptBuildPhase;
			buildActionMask = 2147483647;
			files = (
			);
			inputFileListPaths = (
			);
			inputPaths = (
			);
			name = "Swift Lint";
			outputFileListPaths = (
			);
			outputPaths = (
			);
			runOnlyForDeploymentPostprocessing = 0;
			shellPath = /bin/sh;
			shellScript = "if which swiftlint >/dev/null; then\n  swiftlint\nelse\n  echo \"warning: SwiftLint not installed, download from https://github.com/realm/SwiftLint\"\nfi\n";
		};
/* End PBXShellScriptBuildPhase section */

/* Begin PBXSourcesBuildPhase section */
		E722B0D12621D24100452972 /* Sources */ = {
			isa = PBXSourcesBuildPhase;
			buildActionMask = 2147483647;
			files = (
				E722B0DD2621D24100452972 /* ViewController.swift in Sources */,
				E722B0EE2621D27400452972 /* StartViewController.swift in Sources */,
				E722B0D92621D24100452972 /* AppDelegate.swift in Sources */,
				E7E2D9832636C971008DB808 /* UIViewController + Storyboardinit.swift in Sources */,
				E722B0DB2621D24100452972 /* SceneDelegate.swift in Sources */,
				E78B863F2637029100FB6B55 /* UILabel + UIUtilities.swift in Sources */,
				E7E2D9802636C39B008DB808 /* UIColor + hex.swift in Sources */,
			);
			runOnlyForDeploymentPostprocessing = 0;
		};
/* End PBXSourcesBuildPhase section */

/* Begin PBXVariantGroup section */
		E722B0DE2621D24100452972 /* Main.storyboard */ = {
			isa = PBXVariantGroup;
			children = (
				E722B0DF2621D24100452972 /* Base */,
			);
			name = Main.storyboard;
			sourceTree = "<group>";
		};
		E722B0E32621D24400452972 /* LaunchScreen.storyboard */ = {
			isa = PBXVariantGroup;
			children = (
				E722B0E42621D24400452972 /* Base */,
			);
			name = LaunchScreen.storyboard;
			sourceTree = "<group>";
		};
/* End PBXVariantGroup section */

/* Begin XCBuildConfiguration section */
		E722B0E72621D24400452972 /* Debug */ = {
			isa = XCBuildConfiguration;
			buildSettings = {
				ALWAYS_SEARCH_USER_PATHS = NO;
				CLANG_ANALYZER_NONNULL = YES;
				CLANG_ANALYZER_NUMBER_OBJECT_CONVERSION = YES_AGGRESSIVE;
				CLANG_CXX_LANGUAGE_STANDARD = "gnu++14";
				CLANG_CXX_LIBRARY = "libc++";
				CLANG_ENABLE_MODULES = YES;
				CLANG_ENABLE_OBJC_ARC = YES;
				CLANG_ENABLE_OBJC_WEAK = YES;
				CLANG_WARN_BLOCK_CAPTURE_AUTORELEASING = YES;
				CLANG_WARN_BOOL_CONVERSION = YES;
				CLANG_WARN_COMMA = YES;
				CLANG_WARN_CONSTANT_CONVERSION = YES;
				CLANG_WARN_DEPRECATED_OBJC_IMPLEMENTATIONS = YES;
				CLANG_WARN_DIRECT_OBJC_ISA_USAGE = YES_ERROR;
				CLANG_WARN_DOCUMENTATION_COMMENTS = YES;
				CLANG_WARN_EMPTY_BODY = YES;
				CLANG_WARN_ENUM_CONVERSION = YES;
				CLANG_WARN_INFINITE_RECURSION = YES;
				CLANG_WARN_INT_CONVERSION = YES;
				CLANG_WARN_NON_LITERAL_NULL_CONVERSION = YES;
				CLANG_WARN_OBJC_IMPLICIT_RETAIN_SELF = YES;
				CLANG_WARN_OBJC_LITERAL_CONVERSION = YES;
				CLANG_WARN_OBJC_ROOT_CLASS = YES_ERROR;
				CLANG_WARN_QUOTED_INCLUDE_IN_FRAMEWORK_HEADER = YES;
				CLANG_WARN_RANGE_LOOP_ANALYSIS = YES;
				CLANG_WARN_STRICT_PROTOTYPES = YES;
				CLANG_WARN_SUSPICIOUS_MOVE = YES;
				CLANG_WARN_UNGUARDED_AVAILABILITY = YES_AGGRESSIVE;
				CLANG_WARN_UNREACHABLE_CODE = YES;
				CLANG_WARN__DUPLICATE_METHOD_MATCH = YES;
				COPY_PHASE_STRIP = NO;
				DEBUG_INFORMATION_FORMAT = dwarf;
				ENABLE_STRICT_OBJC_MSGSEND = YES;
				ENABLE_TESTABILITY = YES;
				GCC_C_LANGUAGE_STANDARD = gnu11;
				GCC_DYNAMIC_NO_PIC = NO;
				GCC_NO_COMMON_BLOCKS = YES;
				GCC_OPTIMIZATION_LEVEL = 0;
				GCC_PREPROCESSOR_DEFINITIONS = (
					"DEBUG=1",
					"$(inherited)",
				);
				GCC_WARN_64_TO_32_BIT_CONVERSION = YES;
				GCC_WARN_ABOUT_RETURN_TYPE = YES_ERROR;
				GCC_WARN_UNDECLARED_SELECTOR = YES;
				GCC_WARN_UNINITIALIZED_AUTOS = YES_AGGRESSIVE;
				GCC_WARN_UNUSED_FUNCTION = YES;
				GCC_WARN_UNUSED_VARIABLE = YES;
				IPHONEOS_DEPLOYMENT_TARGET = 14.4;
				MTL_ENABLE_DEBUG_INFO = INCLUDE_SOURCE;
				MTL_FAST_MATH = YES;
				ONLY_ACTIVE_ARCH = YES;
				SDKROOT = iphoneos;
				SWIFT_ACTIVE_COMPILATION_CONDITIONS = DEBUG;
				SWIFT_OPTIMIZATION_LEVEL = "-Onone";
			};
			name = Debug;
		};
		E722B0E82621D24400452972 /* Release */ = {
			isa = XCBuildConfiguration;
			buildSettings = {
				ALWAYS_SEARCH_USER_PATHS = NO;
				CLANG_ANALYZER_NONNULL = YES;
				CLANG_ANALYZER_NUMBER_OBJECT_CONVERSION = YES_AGGRESSIVE;
				CLANG_CXX_LANGUAGE_STANDARD = "gnu++14";
				CLANG_CXX_LIBRARY = "libc++";
				CLANG_ENABLE_MODULES = YES;
				CLANG_ENABLE_OBJC_ARC = YES;
				CLANG_ENABLE_OBJC_WEAK = YES;
				CLANG_WARN_BLOCK_CAPTURE_AUTORELEASING = YES;
				CLANG_WARN_BOOL_CONVERSION = YES;
				CLANG_WARN_COMMA = YES;
				CLANG_WARN_CONSTANT_CONVERSION = YES;
				CLANG_WARN_DEPRECATED_OBJC_IMPLEMENTATIONS = YES;
				CLANG_WARN_DIRECT_OBJC_ISA_USAGE = YES_ERROR;
				CLANG_WARN_DOCUMENTATION_COMMENTS = YES;
				CLANG_WARN_EMPTY_BODY = YES;
				CLANG_WARN_ENUM_CONVERSION = YES;
				CLANG_WARN_INFINITE_RECURSION = YES;
				CLANG_WARN_INT_CONVERSION = YES;
				CLANG_WARN_NON_LITERAL_NULL_CONVERSION = YES;
				CLANG_WARN_OBJC_IMPLICIT_RETAIN_SELF = YES;
				CLANG_WARN_OBJC_LITERAL_CONVERSION = YES;
				CLANG_WARN_OBJC_ROOT_CLASS = YES_ERROR;
				CLANG_WARN_QUOTED_INCLUDE_IN_FRAMEWORK_HEADER = YES;
				CLANG_WARN_RANGE_LOOP_ANALYSIS = YES;
				CLANG_WARN_STRICT_PROTOTYPES = YES;
				CLANG_WARN_SUSPICIOUS_MOVE = YES;
				CLANG_WARN_UNGUARDED_AVAILABILITY = YES_AGGRESSIVE;
				CLANG_WARN_UNREACHABLE_CODE = YES;
				CLANG_WARN__DUPLICATE_METHOD_MATCH = YES;
				COPY_PHASE_STRIP = NO;
				DEBUG_INFORMATION_FORMAT = "dwarf-with-dsym";
				ENABLE_NS_ASSERTIONS = NO;
				ENABLE_STRICT_OBJC_MSGSEND = YES;
				GCC_C_LANGUAGE_STANDARD = gnu11;
				GCC_NO_COMMON_BLOCKS = YES;
				GCC_WARN_64_TO_32_BIT_CONVERSION = YES;
				GCC_WARN_ABOUT_RETURN_TYPE = YES_ERROR;
				GCC_WARN_UNDECLARED_SELECTOR = YES;
				GCC_WARN_UNINITIALIZED_AUTOS = YES_AGGRESSIVE;
				GCC_WARN_UNUSED_FUNCTION = YES;
				GCC_WARN_UNUSED_VARIABLE = YES;
				IPHONEOS_DEPLOYMENT_TARGET = 14.4;
				MTL_ENABLE_DEBUG_INFO = NO;
				MTL_FAST_MATH = YES;
				SDKROOT = iphoneos;
				SWIFT_COMPILATION_MODE = wholemodule;
				SWIFT_OPTIMIZATION_LEVEL = "-O";
				VALIDATE_PRODUCT = YES;
			};
			name = Release;
		};
		E722B0EA2621D24400452972 /* Debug */ = {
			isa = XCBuildConfiguration;
			buildSettings = {
				ASSETCATALOG_COMPILER_APPICON_NAME = AppIcon;
				ASSETCATALOG_COMPILER_GLOBAL_ACCENT_COLOR_NAME = AccentColor;
				CODE_SIGN_STYLE = Automatic;
				DEVELOPMENT_TEAM = 4LHC6GRDGA;
				INFOPLIST_FILE = Race/Resources/Info.plist;
				LD_RUNPATH_SEARCH_PATHS = (
					"$(inherited)",
					"@executable_path/Frameworks",
				);
				PRODUCT_BUNDLE_IDENTIFIER = com.dreamer.Race;
				PRODUCT_NAME = "$(TARGET_NAME)";
				SWIFT_VERSION = 5.0;
				TARGETED_DEVICE_FAMILY = "1,2";
			};
			name = Debug;
		};
		E722B0EB2621D24400452972 /* Release */ = {
			isa = XCBuildConfiguration;
			buildSettings = {
				ASSETCATALOG_COMPILER_APPICON_NAME = AppIcon;
				ASSETCATALOG_COMPILER_GLOBAL_ACCENT_COLOR_NAME = AccentColor;
				CODE_SIGN_STYLE = Automatic;
				DEVELOPMENT_TEAM = 4LHC6GRDGA;
				INFOPLIST_FILE = Race/Resources/Info.plist;
				LD_RUNPATH_SEARCH_PATHS = (
					"$(inherited)",
					"@executable_path/Frameworks",
				);
				PRODUCT_BUNDLE_IDENTIFIER = com.dreamer.Race;
				PRODUCT_NAME = "$(TARGET_NAME)";
				SWIFT_VERSION = 5.0;
				TARGETED_DEVICE_FAMILY = "1,2";
			};
			name = Release;
		};
/* End XCBuildConfiguration section */

/* Begin XCConfigurationList section */
		E722B0D02621D24100452972 /* Build configuration list for PBXProject "Race" */ = {
			isa = XCConfigurationList;
			buildConfigurations = (
				E722B0E72621D24400452972 /* Debug */,
				E722B0E82621D24400452972 /* Release */,
			);
			defaultConfigurationIsVisible = 0;
			defaultConfigurationName = Release;
		};
		E722B0E92621D24400452972 /* Build configuration list for PBXNativeTarget "Race" */ = {
			isa = XCConfigurationList;
			buildConfigurations = (
				E722B0EA2621D24400452972 /* Debug */,
				E722B0EB2621D24400452972 /* Release */,
			);
			defaultConfigurationIsVisible = 0;
			defaultConfigurationName = Release;
		};
/* End XCConfigurationList section */
	};
	rootObject = E722B0CD2621D24100452972 /* Project object */;
}
